// !$*UTF8*$!
{
	archiveVersion = 1;
	classes = {
	};
	objectVersion = 56;
	objects = {

/* Begin PBXBuildFile section */
		252CD8EF29545AC30077901C /* tRavleApp.swift in Sources */ = {isa = PBXBuildFile; fileRef = 252CD8EE29545AC30077901C /* tRavleApp.swift */; };
		252CD8F129545AC30077901C /* ContentView.swift in Sources */ = {isa = PBXBuildFile; fileRef = 252CD8F029545AC30077901C /* ContentView.swift */; };
		252CD8F329545AC40077901C /* Assets.xcassets in Resources */ = {isa = PBXBuildFile; fileRef = 252CD8F229545AC40077901C /* Assets.xcassets */; };
		252CD8F629545AC40077901C /* Preview Assets.xcassets in Resources */ = {isa = PBXBuildFile; fileRef = 252CD8F529545AC40077901C /* Preview Assets.xcassets */; };
		252CD90529545C980077901C /* HomeView.swift in Sources */ = {isa = PBXBuildFile; fileRef = 252CD90429545C980077901C /* HomeView.swift */; };
		252CD90729545CA40077901C /* SettingsView.swift in Sources */ = {isa = PBXBuildFile; fileRef = 252CD90629545CA40077901C /* SettingsView.swift */; };
		252CD90929545CB10077901C /* NewLocationView.swift in Sources */ = {isa = PBXBuildFile; fileRef = 252CD90829545CB10077901C /* NewLocationView.swift */; };
		252CD90B29545CD50077901C /* FavouritesView.swift in Sources */ = {isa = PBXBuildFile; fileRef = 252CD90A29545CD50077901C /* FavouritesView.swift */; };
		252CD90D29545CE60077901C /* CategoriesVIew.swift in Sources */ = {isa = PBXBuildFile; fileRef = 252CD90C29545CE60077901C /* CategoriesVIew.swift */; };
		252CD90F295460C10077901C /* TabBar.swift in Sources */ = {isa = PBXBuildFile; fileRef = 252CD90E295460C10077901C /* TabBar.swift */; };
		252CD913295466C00077901C /* LocationModel.swift in Sources */ = {isa = PBXBuildFile; fileRef = 252CD912295466C00077901C /* LocationModel.swift */; };
		252CD91529546CE70077901C /* LocationCard.swift in Sources */ = {isa = PBXBuildFile; fileRef = 252CD91429546CE70077901C /* LocationCard.swift */; };
/* End PBXBuildFile section */

/* Begin PBXFileReference section */
		252CD8EB29545AC30077901C /* tRavle.app */ = {isa = PBXFileReference; explicitFileType = wrapper.application; includeInIndex = 0; path = tRavle.app; sourceTree = BUILT_PRODUCTS_DIR; };
		252CD8EE29545AC30077901C /* tRavleApp.swift */ = {isa = PBXFileReference; lastKnownFileType = sourcecode.swift; path = tRavleApp.swift; sourceTree = "<group>"; };
		252CD8F029545AC30077901C /* ContentView.swift */ = {isa = PBXFileReference; lastKnownFileType = sourcecode.swift; path = ContentView.swift; sourceTree = "<group>"; };
		252CD8F229545AC40077901C /* Assets.xcassets */ = {isa = PBXFileReference; lastKnownFileType = folder.assetcatalog; path = Assets.xcassets; sourceTree = "<group>"; };
		252CD8F529545AC40077901C /* Preview Assets.xcassets */ = {isa = PBXFileReference; lastKnownFileType = folder.assetcatalog; path = "Preview Assets.xcassets"; sourceTree = "<group>"; };
		252CD90429545C980077901C /* HomeView.swift */ = {isa = PBXFileReference; lastKnownFileType = sourcecode.swift; path = HomeView.swift; sourceTree = "<group>"; };
		252CD90629545CA40077901C /* SettingsView.swift */ = {isa = PBXFileReference; lastKnownFileType = sourcecode.swift; path = SettingsView.swift; sourceTree = "<group>"; };
		252CD90829545CB10077901C /* NewLocationView.swift */ = {isa = PBXFileReference; lastKnownFileType = sourcecode.swift; path = NewLocationView.swift; sourceTree = "<group>"; };
		252CD90A29545CD50077901C /* FavouritesView.swift */ = {isa = PBXFileReference; lastKnownFileType = sourcecode.swift; path = FavouritesView.swift; sourceTree = "<group>"; };
		252CD90C29545CE60077901C /* CategoriesVIew.swift */ = {isa = PBXFileReference; lastKnownFileType = sourcecode.swift; path = CategoriesVIew.swift; sourceTree = "<group>"; };
		252CD90E295460C10077901C /* TabBar.swift */ = {isa = PBXFileReference; lastKnownFileType = sourcecode.swift; path = TabBar.swift; sourceTree = "<group>"; };
		252CD912295466C00077901C /* LocationModel.swift */ = {isa = PBXFileReference; lastKnownFileType = sourcecode.swift; path = LocationModel.swift; sourceTree = "<group>"; };
		252CD91429546CE70077901C /* LocationCard.swift */ = {isa = PBXFileReference; lastKnownFileType = sourcecode.swift; path = LocationCard.swift; sourceTree = "<group>"; };
/* End PBXFileReference section */

/* Begin PBXFrameworksBuildPhase section */
		252CD8E829545AC30077901C /* Frameworks */ = {
			isa = PBXFrameworksBuildPhase;
			buildActionMask = 2147483647;
			files = (
			);
			runOnlyForDeploymentPostprocessing = 0;
		};
/* End PBXFrameworksBuildPhase section */

/* Begin PBXGroup section */
		252CD8E229545AC30077901C = {
			isa = PBXGroup;
			children = (
				252CD8ED29545AC30077901C /* tRavle */,
				252CD8EC29545AC30077901C /* Products */,
			);
			sourceTree = "<group>";
		};
		252CD8EC29545AC30077901C /* Products */ = {
			isa = PBXGroup;
			children = (
				252CD8EB29545AC30077901C /* tRavle.app */,
			);
			name = Products;
			sourceTree = "<group>";
		};
		252CD8ED29545AC30077901C /* tRavle */ = {
			isa = PBXGroup;
			children = (
				252CD8EE29545AC30077901C /* tRavleApp.swift */,
				252CD8F529545AC40077901C /* Preview Assets.xcassets */,
				252CD8FF29545B4D0077901C /* Views */,
				252CD8FE29545B300077901C /* ViewModel */,
				252CD90329545B860077901C /* Models */,
				252CD8F429545AC40077901C /* Preview Content */,
			);
			path = tRavle;
			sourceTree = "<group>";
		};
		252CD8F429545AC40077901C /* Preview Content */ = {
			isa = PBXGroup;
			children = (
			);
			path = "Preview Content";
			sourceTree = "<group>";
		};
		252CD8FE29545B300077901C /* ViewModel */ = {
			isa = PBXGroup;
			children = (
			);
			path = ViewModel;
			sourceTree = "<group>";
		};
		252CD8FF29545B4D0077901C /* Views */ = {
			isa = PBXGroup;
			children = (
				252CD90029545B5A0077901C /* Main */,
				252CD90129545B640077901C /* Detail */,
				252CD90229545B6D0077901C /* Components */,
			);
			path = Views;
			sourceTree = "<group>";
		};
		252CD90029545B5A0077901C /* Main */ = {
			isa = PBXGroup;
			children = (
				252CD8F029545AC30077901C /* ContentView.swift */,
				252CD90429545C980077901C /* HomeView.swift */,
				252CD90E295460C10077901C /* TabBar.swift */,
				252CD90629545CA40077901C /* SettingsView.swift */,
				252CD90829545CB10077901C /* NewLocationView.swift */,
				252CD90A29545CD50077901C /* FavouritesView.swift */,
				252CD90C29545CE60077901C /* CategoriesVIew.swift */,
			);
			path = Main;
			sourceTree = "<group>";
		};
		252CD90129545B640077901C /* Detail */ = {
			isa = PBXGroup;
			children = (
			);
			path = Detail;
			sourceTree = "<group>";
		};
		252CD90229545B6D0077901C /* Components */ = {
			isa = PBXGroup;
			children = (
				252CD91429546CE70077901C /* LocationCard.swift */,
			);
			path = Components;
			sourceTree = "<group>";
		};
		252CD90329545B860077901C /* Models */ = {
			isa = PBXGroup;
			children = (
				252CD8F229545AC40077901C /* Assets.xcassets */,
				252CD912295466C00077901C /* LocationModel.swift */,
			);
			path = Models;
			sourceTree = "<group>";
		};
/* End PBXGroup section */

/* Begin PBXNativeTarget section */
		252CD8EA29545AC30077901C /* tRavle */ = {
			isa = PBXNativeTarget;
			buildConfigurationList = 252CD8F929545AC40077901C /* Build configuration list for PBXNativeTarget "tRavle" */;
			buildPhases = (
				252CD8E729545AC30077901C /* Sources */,
				252CD8E829545AC30077901C /* Frameworks */,
				252CD8E929545AC30077901C /* Resources */,
			);
			buildRules = (
			);
			dependencies = (
			);
			name = tRavle;
			productName = tRavle;
			productReference = 252CD8EB29545AC30077901C /* tRavle.app */;
			productType = "com.apple.product-type.application";
		};
/* End PBXNativeTarget section */

/* Begin PBXProject section */
		252CD8E329545AC30077901C /* Project object */ = {
			isa = PBXProject;
			attributes = {
				BuildIndependentTargetsInParallel = 1;
				LastSwiftUpdateCheck = 1420;
				LastUpgradeCheck = 1420;
				TargetAttributes = {
					252CD8EA29545AC30077901C = {
						CreatedOnToolsVersion = 14.2;
					};
				};
			};
			buildConfigurationList = 252CD8E629545AC30077901C /* Build configuration list for PBXProject "tRavle" */;
			compatibilityVersion = "Xcode 14.0";
			developmentRegion = en;
			hasScannedForEncodings = 0;
			knownRegions = (
				en,
				Base,
			);
			mainGroup = 252CD8E229545AC30077901C;
			productRefGroup = 252CD8EC29545AC30077901C /* Products */;
			projectDirPath = "";
			projectRoot = "";
			targets = (
				252CD8EA29545AC30077901C /* tRavle */,
			);
		};
/* End PBXProject section */

/* Begin PBXResourcesBuildPhase section */
		252CD8E929545AC30077901C /* Resources */ = {
			isa = PBXResourcesBuildPhase;
			buildActionMask = 2147483647;
			files = (
				252CD8F629545AC40077901C /* Preview Assets.xcassets in Resources */,
				252CD8F329545AC40077901C /* Assets.xcassets in Resources */,
			);
			runOnlyForDeploymentPostprocessing = 0;
		};
/* End PBXResourcesBuildPhase section */

/* Begin PBXSourcesBuildPhase section */
		252CD8E729545AC30077901C /* Sources */ = {
			isa = PBXSourcesBuildPhase;
			buildActionMask = 2147483647;
			files = (
				252CD90529545C980077901C /* HomeView.swift in Sources */,
				252CD90929545CB10077901C /* NewLocationView.swift in Sources */,
				252CD90729545CA40077901C /* SettingsView.swift in Sources */,
				252CD90F295460C10077901C /* TabBar.swift in Sources */,
				252CD913295466C00077901C /* LocationModel.swift in Sources */,
				252CD8F129545AC30077901C /* ContentView.swift in Sources */,
				252CD90B29545CD50077901C /* FavouritesView.swift in Sources */,
				252CD90D29545CE60077901C /* CategoriesVIew.swift in Sources */,
				252CD91529546CE70077901C /* LocationCard.swift in Sources */,
				252CD8EF29545AC30077901C /* tRavleApp.swift in Sources */,
			);
			runOnlyForDeploymentPostprocessing = 0;
		};
/* End PBXSourcesBuildPhase section */

/* Begin XCBuildConfiguration section */
		252CD8F729545AC40077901C /* Debug */ = {
			isa = XCBuildConfiguration;
			buildSettings = {
				ALWAYS_SEARCH_USER_PATHS = NO;
				CLANG_ANALYZER_NONNULL = YES;
				CLANG_ANALYZER_NUMBER_OBJECT_CONVERSION = YES_AGGRESSIVE;
				CLANG_CXX_LANGUAGE_STANDARD = "gnu++20";
				CLANG_ENABLE_MODULES = YES;
				CLANG_ENABLE_OBJC_ARC = YES;
				CLANG_ENABLE_OBJC_WEAK = YES;
				CLANG_WARN_BLOCK_CAPTURE_AUTORELEASING = YES;
				CLANG_WARN_BOOL_CONVERSION = YES;
				CLANG_WARN_COMMA = YES;
				CLANG_WARN_CONSTANT_CONVERSION = YES;
				CLANG_WARN_DEPRECATED_OBJC_IMPLEMENTATIONS = YES;
				CLANG_WARN_DIRECT_OBJC_ISA_USAGE = YES_ERROR;
				CLANG_WARN_DOCUMENTATION_COMMENTS = YES;
				CLANG_WARN_EMPTY_BODY = YES;
				CLANG_WARN_ENUM_CONVERSION = YES;
				CLANG_WARN_INFINITE_RECURSION = YES;
				CLANG_WARN_INT_CONVERSION = YES;
				CLANG_WARN_NON_LITERAL_NULL_CONVERSION = YES;
				CLANG_WARN_OBJC_IMPLICIT_RETAIN_SELF = YES;
				CLANG_WARN_OBJC_LITERAL_CONVERSION = YES;
				CLANG_WARN_OBJC_ROOT_CLASS = YES_ERROR;
				CLANG_WARN_QUOTED_INCLUDE_IN_FRAMEWORK_HEADER = YES;
				CLANG_WARN_RANGE_LOOP_ANALYSIS = YES;
				CLANG_WARN_STRICT_PROTOTYPES = YES;
				CLANG_WARN_SUSPICIOUS_MOVE = YES;
				CLANG_WARN_UNGUARDED_AVAILABILITY = YES_AGGRESSIVE;
				CLANG_WARN_UNREACHABLE_CODE = YES;
				CLANG_WARN__DUPLICATE_METHOD_MATCH = YES;
				COPY_PHASE_STRIP = NO;
				DEBUG_INFORMATION_FORMAT = dwarf;
				ENABLE_STRICT_OBJC_MSGSEND = YES;
				ENABLE_TESTABILITY = YES;
				GCC_C_LANGUAGE_STANDARD = gnu11;
				GCC_DYNAMIC_NO_PIC = NO;
				GCC_NO_COMMON_BLOCKS = YES;
				GCC_OPTIMIZATION_LEVEL = 0;
				GCC_PREPROCESSOR_DEFINITIONS = (
					"DEBUG=1",
					"$(inherited)",
				);
				GCC_WARN_64_TO_32_BIT_CONVERSION = YES;
				GCC_WARN_ABOUT_RETURN_TYPE = YES_ERROR;
				GCC_WARN_UNDECLARED_SELECTOR = YES;
				GCC_WARN_UNINITIALIZED_AUTOS = YES_AGGRESSIVE;
				GCC_WARN_UNUSED_FUNCTION = YES;
				GCC_WARN_UNUSED_VARIABLE = YES;
				IPHONEOS_DEPLOYMENT_TARGET = 16.2;
				MTL_ENABLE_DEBUG_INFO = INCLUDE_SOURCE;
				MTL_FAST_MATH = YES;
				ONLY_ACTIVE_ARCH = YES;
				SDKROOT = iphoneos;
				SWIFT_ACTIVE_COMPILATION_CONDITIONS = DEBUG;
				SWIFT_OPTIMIZATION_LEVEL = "-Onone";
			};
			name = Debug;
		};
		252CD8F829545AC40077901C /* Release */ = {
			isa = XCBuildConfiguration;
			buildSettings = {
				ALWAYS_SEARCH_USER_PATHS = NO;
				CLANG_ANALYZER_NONNULL = YES;
				CLANG_ANALYZER_NUMBER_OBJECT_CONVERSION = YES_AGGRESSIVE;
				CLANG_CXX_LANGUAGE_STANDARD = "gnu++20";
				CLANG_ENABLE_MODULES = YES;
				CLANG_ENABLE_OBJC_ARC = YES;
				CLANG_ENABLE_OBJC_WEAK = YES;
				CLANG_WARN_BLOCK_CAPTURE_AUTORELEASING = YES;
				CLANG_WARN_BOOL_CONVERSION = YES;
				CLANG_WARN_COMMA = YES;
				CLANG_WARN_CONSTANT_CONVERSION = YES;
				CLANG_WARN_DEPRECATED_OBJC_IMPLEMENTATIONS = YES;
				CLANG_WARN_DIRECT_OBJC_ISA_USAGE = YES_ERROR;
				CLANG_WARN_DOCUMENTATION_COMMENTS = YES;
				CLANG_WARN_EMPTY_BODY = YES;
				CLANG_WARN_ENUM_CONVERSION = YES;
				CLANG_WARN_INFINITE_RECURSION = YES;
				CLANG_WARN_INT_CONVERSION = YES;
				CLANG_WARN_NON_LITERAL_NULL_CONVERSION = YES;
				CLANG_WARN_OBJC_IMPLICIT_RETAIN_SELF = YES;
				CLANG_WARN_OBJC_LITERAL_CONVERSION = YES;
				CLANG_WARN_OBJC_ROOT_CLASS = YES_ERROR;
				CLANG_WARN_QUOTED_INCLUDE_IN_FRAMEWORK_HEADER = YES;
				CLANG_WARN_RANGE_LOOP_ANALYSIS = YES;
				CLANG_WARN_STRICT_PROTOTYPES = YES;
				CLANG_WARN_SUSPICIOUS_MOVE = YES;
				CLANG_WARN_UNGUARDED_AVAILABILITY = YES_AGGRESSIVE;
				CLANG_WARN_UNREACHABLE_CODE = YES;
				CLANG_WARN__DUPLICATE_METHOD_MATCH = YES;
				COPY_PHASE_STRIP = NO;
				DEBUG_INFORMATION_FORMAT = "dwarf-with-dsym";
				ENABLE_NS_ASSERTIONS = NO;
				ENABLE_STRICT_OBJC_MSGSEND = YES;
				GCC_C_LANGUAGE_STANDARD = gnu11;
				GCC_NO_COMMON_BLOCKS = YES;
				GCC_WARN_64_TO_32_BIT_CONVERSION = YES;
				GCC_WARN_ABOUT_RETURN_TYPE = YES_ERROR;
				GCC_WARN_UNDECLARED_SELECTOR = YES;
				GCC_WARN_UNINITIALIZED_AUTOS = YES_AGGRESSIVE;
				GCC_WARN_UNUSED_FUNCTION = YES;
				GCC_WARN_UNUSED_VARIABLE = YES;
				IPHONEOS_DEPLOYMENT_TARGET = 16.2;
				MTL_ENABLE_DEBUG_INFO = NO;
				MTL_FAST_MATH = YES;
				SDKROOT = iphoneos;
				SWIFT_COMPILATION_MODE = wholemodule;
				SWIFT_OPTIMIZATION_LEVEL = "-O";
				VALIDATE_PRODUCT = YES;
			};
			name = Release;
		};
		252CD8FA29545AC40077901C /* Debug */ = {
			isa = XCBuildConfiguration;
			buildSettings = {
				ASSETCATALOG_COMPILER_APPICON_NAME = AppIcon;
				ASSETCATALOG_COMPILER_GLOBAL_ACCENT_COLOR_NAME = AccentColor;
				CODE_SIGN_STYLE = Automatic;
				CURRENT_PROJECT_VERSION = 1;
				DEVELOPMENT_ASSET_PATHS = "\"tRavle/Preview Content\"";
				DEVELOPMENT_TEAM = FMDDD27JUN;
				ENABLE_PREVIEWS = YES;
				GENERATE_INFOPLIST_FILE = YES;
				INFOPLIST_KEY_UIApplicationSceneManifest_Generation = YES;
				INFOPLIST_KEY_UIApplicationSupportsIndirectInputEvents = YES;
				INFOPLIST_KEY_UILaunchScreen_Generation = YES;
				INFOPLIST_KEY_UISupportedInterfaceOrientations_iPad = "UIInterfaceOrientationPortrait UIInterfaceOrientationPortraitUpsideDown UIInterfaceOrientationLandscapeLeft UIInterfaceOrientationLandscapeRight";
				INFOPLIST_KEY_UISupportedInterfaceOrientations_iPhone = "UIInterfaceOrientationPortrait UIInterfaceOrientationLandscapeLeft UIInterfaceOrientationLandscapeRight";
				LD_RUNPATH_SEARCH_PATHS = (
					"$(inherited)",
					"@executable_path/Frameworks",
				);
				MARKETING_VERSION = 1.0;
				PRODUCT_BUNDLE_IDENTIFIER = c02kr.tRavle;
				PRODUCT_NAME = "$(TARGET_NAME)";
				SWIFT_EMIT_LOC_STRINGS = YES;
				SWIFT_VERSION = 5.0;
				TARGETED_DEVICE_FAMILY = "1,2";
			};
			name = Debug;
		};
		252CD8FB29545AC40077901C /* Release */ = {
			isa = XCBuildConfiguration;
			buildSettings = {
				ASSETCATALOG_COMPILER_APPICON_NAME = AppIcon;
				ASSETCATALOG_COMPILER_GLOBAL_ACCENT_COLOR_NAME = AccentColor;
				CODE_SIGN_STYLE = Automatic;
				CURRENT_PROJECT_VERSION = 1;
				DEVELOPMENT_ASSET_PATHS = "\"tRavle/Preview Content\"";
				DEVELOPMENT_TEAM = FMDDD27JUN;
				ENABLE_PREVIEWS = YES;
				GENERATE_INFOPLIST_FILE = YES;
				INFOPLIST_KEY_UIApplicationSceneManifest_Generation = YES;
				INFOPLIST_KEY_UIApplicationSupportsIndirectInputEvents = YES;
				INFOPLIST_KEY_UILaunchScreen_Generation = YES;
				INFOPLIST_KEY_UISupportedInterfaceOrientations_iPad = "UIInterfaceOrientationPortrait UIInterfaceOrientationPortraitUpsideDown UIInterfaceOrientationLandscapeLeft UIInterfaceOrientationLandscapeRight";
				INFOPLIST_KEY_UISupportedInterfaceOrientations_iPhone = "UIInterfaceOrientationPortrait UIInterfaceOrientationLandscapeLeft UIInterfaceOrientationLandscapeRight";
				LD_RUNPATH_SEARCH_PATHS = (
					"$(inherited)",
					"@executable_path/Frameworks",
				);
				MARKETING_VERSION = 1.0;
				PRODUCT_BUNDLE_IDENTIFIER = c02kr.tRavle;
				PRODUCT_NAME = "$(TARGET_NAME)";
				SWIFT_EMIT_LOC_STRINGS = YES;
				SWIFT_VERSION = 5.0;
				TARGETED_DEVICE_FAMILY = "1,2";
			};
			name = Release;
		};
/* End XCBuildConfiguration section */

/* Begin XCConfigurationList section */
		252CD8E629545AC30077901C /* Build configuration list for PBXProject "tRavle" */ = {
			isa = XCConfigurationList;
			buildConfigurations = (
				252CD8F729545AC40077901C /* Debug */,
				252CD8F829545AC40077901C /* Release */,
			);
			defaultConfigurationIsVisible = 0;
			defaultConfigurationName = Release;
		};
		252CD8F929545AC40077901C /* Build configuration list for PBXNativeTarget "tRavle" */ = {
			isa = XCConfigurationList;
			buildConfigurations = (
				252CD8FA29545AC40077901C /* Debug */,
				252CD8FB29545AC40077901C /* Release */,
			);
			defaultConfigurationIsVisible = 0;
			defaultConfigurationName = Release;
		};
/* End XCConfigurationList section */
	};
	rootObject = 252CD8E329545AC30077901C /* Project object */;
}
